models/operations/fetchimage.go
docs/models/components/listorderbookfillsresponse.md
docs/models/operations/updatecapacityrequest.md
docs/models/components/createcapacityrequest.md
models/components/listdeploymentsresponse.go
models/operations/batchpatchinstances.go
docs/models/operations/fetchimagerequest.md
models/components/orderstatus.go
docs/models/operations/getinstancesshrequest.md
models/apierrors/badrequesterror.go
docs/models/operations/fetchorderrequest.md
docs/models/components/v2orderpreviewrequestbuy.md
docs/models/operations/patchdeploymentresponse.md
docs/models/components/orderbookfill.md
models/components/listinstancesresponse.go
docs/models/operations/listavailabilityresponse.md
models/components/instanceskusummary.go
docs/models/operations/listordersresponse.md
docs/models/operations/deleteimagerequest.md
models/operations/patchprocurement.go
docs/models/apierrors/paymentrequirederror.md
models/components/v2orderpreviewnotice.go
instanceskus.go
models/operations/cancelorder.go
models/components/imageuploadstatus.go
docs/models/operations/createorderresponse.md
models/components/orderbookquoteresponse.go
docs/models/operations/fetchcapacitytransferrequest.md
models/components/orderbookdepthresponse.go
models/components/capacityresponse.go
docs/models/components/v2createcapacitytransferrequest.md
models/operations/createimageuploadparturl.go
docs/models/operations/listorderssortby.md
models/components/v2orderfill.go
docs/models/operations/deletecapacityresponse.md
models/operations/options.go
models/components/orderbookwindow.go
docs/models/operations/patchdeploymentrequest.md
models/components/v2createorderrequest.go
docs/models/operations/listimagesresponse.md
docs/models/operations/listdeploymentsresponse.md
docs/models/components/imagedownloadresponse.md
docs/models/operations/option.md
models/operations/createinstance.go
models/components/badrequesterror.go
models/components/conflicterror.go
models/operations/createimage.go
models/components/procurementtarget.go
docs/models/operations/terminateinstanceresponse.md
docs/models/operations/listinstancesresponse.md
models/operations/getworkspacehandler.go
docs/models/components/imagelistentry.md
models/operations/listimages.go
docs/models/components/v2orderpreviewrequest.md
models/components/v2orderpreviewunavailablereason.go
models/operations/getinstancesku.go
models/operations/listorders.go
models/operations/getorderpreview.go
docs/models/components/scheduleentry.md
models/operations/listinstanceskus.go
models/operations/listcapacities.go
docs/models/components/uploadpartresponse.md
docs/models/components/instancesku.md
docs/models/components/listworkspacesresponse.md
docs/models/components/batchpatchinstancesrequest.md
docs/models/operations/listorderbookwindowsrequest.md
docs/models/components/listinstancetemplatesresponse.md
docs/sdks/instanceskucatalog/README.md
docs/models/apierrors/internalservererror.md
models/components/serviceunavailableerror.go
models/components/capacitykind.go
docs/models/operations/getinstancesshresponse.md
docs/models/components/startuploadrequest.md
docs/models/components/listorderbookwindowsresponse.md
models/components/internalservererror.go
docs/models/components/listimagesresponse.md
docs/models/operations/createprocurementresponse.md
docs/models/components/instanceresponse.md
docs/models/apierrors/forbiddenerror.md
docs/models/components/notfounderrorerror.md
models/components/httpmetadata.go
docs/models/components/deploymentresponse.md
docs/models/components/procurementresponse.md
docs/models/components/instancetemplatesummary.md
docs/models/operations/listcapacitytransfersresponse.md
docs/models/apierrors/serviceunavailableerror.md
models/components/capacitysummary.go
models/components/listinstanceskusresponse.go
docs/models/components/errordetail.md
models/operations/listworkspaceshandler.go
models/operations/patchdeployment.go
docs/models/components/v2orderpreviewunavailablereason.md
models/components/errordetail.go
docs/models/operations/downloadimagerequest.md
models/components/deploymentsummary.go
models/components/allocationschedule.go
orderbook.go
docs/models/components/completeuploadrequest.md
models/operations/checkpermissionhandler.go
docs/models/operations/batchpatchinstancesresponse.md
models/components/capacitytransferstatus.go
docs/models/operations/patchworkspacehandlerresponse.md
docs/models/operations/listordersrequest.md
models/apierrors/conflicterror.go
models/components/instanceskuenumerationvalue.go
models/components/v2capacitytransferresponse.go
models/operations/patchworkspacehandler.go
docs/models/components/conflicterrorerror.md
models/components/security.go
models/components/createdeploymentrequest.go
docs/models/components/v2orderresponse.md
docs/models/components/internalservererrorerror.md
models/components/patchdeploymentrequest.go
docs/models/operations/patchworkspacehandlerrequest.md
docs/models/components/v2listcapacitytransfersresponse.md
models/components/deleteimageresponse.go
models/components/imagesummary.go
docs/models/operations/getorderbookquoteresponse.md
models/components/patchcapacityrequest.go
models/components/notfounderror.go
models/operations/createcapacity.go
models/components/createcapacityrequest.go
docs/models/components/procurementsummary.md
docs/models/operations/listusershandlerrequest.md
models/operations/listusershandler.go
models/operations/fetchcapacity.go
docs/models/components/orderbookquoteresponse.md
models/components/v2listcapacitytransfersresponse.go
models/apierrors/serviceunavailableerror.go
models/operations/getinstancelogs.go
docs/models/components/side.md
models/apierrors/forbiddenerror.go
docs/models/components/availabilitygroup.md
docs/models/operations/getdeploymentrequest.md
models/components/startuploadrequest.go
docs/models/operations/fetchcapacityrequest.md
docs/models/operations/fetchinstancetemplateresponse.md
docs/models/components/batchpatchinstanceentry.md
docs/models/operations/getuserhandlerresponse.md
docs/models/components/imageuploadstatus.md
docs/models/components/createworkspacerequest.md
docs/models/apierrors/unauthorizederror.md
deployments.go
docs/models/components/security.md
models/components/automationstatus.go
docs/models/components/instancestatus.md
models/components/instancelogsresponse.go
models/operations/downloadimage.go
models/components/instancesshinfo.go
models/components/instancetemplateresponse.go
docs/models/components/instancelogchunk.md
docs/models/operations/listcapacitiesresponse.md
docs/models/apierrors/badrequesterror.md
internal/config/sdkconfiguration.go
docs/models/components/listprocurementsresponse.md
docs/models/operations/createinstancetemplateresponse.md
docs/models/components/patchinstancerequest.md
docs/models/components/orderstatus.md
docs/models/operations/reinstateimageresponse.md
docs/models/components/automationstatus.md
docs/models/components/listinstanceskupropertycatalogresponse.md
models/operations/createworkspacehandler.go
docs/models/components/unauthorizederrorerror.md
models/operations/listinstances.go
docs/models/operations/listinstanceskupropertycatalogrequest.md
docs/models/operations/listcapacitytransfersrequest.md
models/operations/listavailability.go
models/operations/createcapacitytransfer.go
docs/models/operations/deleteinstanceresponse.md
models/components/uploadpartresponse.go
docs/models/components/listcapacitiesresponse.md
docs/models/operations/fetchcapacitytransferresponse.md
docs/models/components/instanceskusummary.md
models/components/reconciliationstatus.go
models/operations/getorderbookquote.go
models/components/listcapacitiesresponse.go
docs/models/components/instanceskupropertydefinition.md
docs/models/operations/listavailabilityrequest.md
docs/models/components/listusersresponse.md
models/apierrors/unauthorizederror.go
docs/models/operations/deleteinstancerequest.md
models/components/orderbookfill.go
docs/models/components/workspaceresponse.md
models/components/listavailabilityresponse.go
models/components/listimagesresponse.go
models/components/imagedownloadresponse.go
docs/sdks/instanceskus/README.md
docs/models/operations/createimageresponse.md
images.go
models/components/availabilitygroup.go
docs/models/components/patchworkspacerequest.md
docs/models/components/v2listordersresponse.md
models/operations/listprocurements.go
docs/models/components/listinstanceskusresponse.md
docs/models/apierrors/notfounderror.md
docs/models/operations/revokeimageresponse.md
docs/models/components/createinstancetemplaterequest.md
models/operations/terminateinstance.go
models/operations/deletecapacity.go
docs/models/components/checkpermissionrequest.md
models/operations/listinstanceskupropertycatalog.go
docs/models/operations/createcapacitytransferresponse.md
docs/models/components/v2capacitytransferresponse.md
docs/models/operations/checkpermissionhandlerresponse.md
docs/models/operations/createimageuploadparturlresponse.md
docs/models/operations/downloadimageresponse.md
models/components/imagelistentry.go
models/components/paymentrequirederror.go
models/components/instancesshhostkey.go
models/operations/fetchinstance.go
models/components/imageuploadresponse.go
docs/models/operations/listworkspaceshandlerrequest.md
models/operations/completeimageupload.go
procurements.go
models/operations/listinstancetemplates.go
models/components/v2orderpreviewresponse.go
docs/models/operations/listprocurementsrequest.md
models/operations/deleteinstancetemplate.go
docs/models/operations/listinstanceskusresponse.md
docs/sdks/permissions/README.md
docs/models/components/imagesummary.md
docs/models/operations/getinstancelogsresponse.md
docs/models/components/permissioncheckresponse.md
orders.go
models/components/procurementsummary.go
models/components/instancetemplatesummary.go
models/components/listinstanceskupropertycatalogresponse.go
internal/hooks/hooks.go
models/components/listprocurementsresponse.go
models/operations/getuserhandler.go
models/operations/createorder.go
docs/models/components/instancetemplateresponse.md
models/operations/listdeployments.go
docs/models/components/imageuploadresponse.md
models/components/instancelogchunk.go
docs/models/components/capacitykind.md
docs/models/operations/createworkspacehandlerresponse.md
docs/models/components/deleteimageresponse.md
instancetemplates.go
docs/models/components/v2ordersortby.md
docs/models/components/paymentrequirederrorerror.md
models/operations/deleteworkspacehandler.go
models/operations/listcapacitytransfers.go
docs/models/components/orderbookwindow.md
models/components/listworkspacesresponse.go
docs/models/operations/getdeploymentresponse.md
docs/sdks/instancetemplates/README.md
models/components/v2maintenancenoticetype.go
models/operations/fetchorder.go
models/operations/createdeployment.go
models/apierrors/notfounderror.go
docs/models/operations/getorderbookquoterequest.md
models/components/batchpatchinstancesresponse.go
models/operations/deleteprocurement.go
models/components/patchinstancerequest.go
docs/models/operations/listdeploymentsrequest.md
docs/models/operations/fetchinstanceresponse.md
models/operations/revokeimage.go
docs/models/components/capacitytransferstatus.md
docs/models/components/v2createorderrequest.md
docs/models/operations/getorderbookdepthresponse.md
docs/models/components/instanceskupropertydefinitionenumeration.md
docs/models/operations/revokeimagerequest.md
docs/models/operations/terminateinstancerequest.md
models/components/deploymentresponse.go
docs/models/components/patchdeploymentrequest.md
models/components/v2ordersortby.go
models/components/v2orderpreviewrequest.go
docs/models/components/v2orderpreviewrequestsell.md
docs/models/operations/deleteworkspacehandlerresponse.md
docs/models/components/serviceunavailableerrorerror.md
docs/models/operations/fetchorderresponse.md
models/components/instanceskupropertykey.go
models/operations/deleteimage.go
docs/models/operations/updateinstanceresponse.md
docs/models/operations/deleteimageresponse.md
models/components/v2createcapacitytransferrequest.go
models/components/unprocessableentityerror.go
docs/sdks/orders/README.md
models/components/listorderbookwindowsresponse.go
models/components/listinstancetemplatesresponse.go
models/operations/getinstancessh.go
models/components/instancestatus.go
docs/models/operations/createinstanceresponse.md
docs/models/operations/fetchinstancetemplaterequest.md
docs/models/components/v2orderpreviewnotice.md
docs/sdks/capacities/README.md
docs/models/components/listavailabilityresponse.md
models/operations/getorderbookdepth.go
docs/models/operations/reinstateimagerequest.md
docs/models/operations/listinstancesrequest.md
docs/models/operations/listorderbookwindowsresponse.md
models/components/userresponse.go
models/operations/getdeployment.go
USAGE.md
models/apierrors/paymentrequirederror.go
docs/sdks/procurements/README.md
docs/models/components/instanceskupropertyenumeration.md
docs/models/operations/patchprocurementresponse.md
permissions.go
docs/sdks/instances/README.md
models/components/checkpermissionrequest.go
docs/models/components/v2orderpreviewnoticemaintenancewindow.md
docs/models/components/v2maintenancenoticetype.md
docs/models/operations/createdeploymentresponse.md
docs/sdks/workspaces/README.md
docs/models/operations/createcapacityresponse.md
models/operations/deleteinstance.go
docs/models/operations/getinstancelogsrequest.md
docs/models/operations/getworkspacehandlerrequest.md
models/components/scheduleentry.go
docs/models/operations/listorderbookfillsresponse.md
models/operations/listorderbookfills.go
models/components/patchworkspacerequest.go
models/components/pricelevel.go
models/components/listusersresponse.go
models/operations/reinstateimage.go
models/components/createinstancerequest.go
docs/models/operations/updatecapacityresponse.md
docs/models/components/httpmetadata.md
docs/models/operations/listworkspaceshandlerresponse.md
docs/models/operations/getworkspacehandlerresponse.md
docs/models/operations/deleteworkspacehandlerrequest.md
docs/models/operations/getorderpreviewresponse.md
docs/models/operations/getinstanceskuresponse.md
docs/models/operations/listprocurementsresponse.md
models/components/batchpatchinstancesrequest.go
models/operations/updatecapacity.go
docs/models/operations/updateinstancerequest.md
docs/models/components/v2orderpreviewresponse.md
models/apierrors/unprocessableentityerror.go
models/components/procurementresponse.go
models/components/batchpatchinstanceentry.go
docs/models/components/v2orderfill.md
docs/models/components/deploymentsummary.md
models/components/patchprocurementrequest.go
go.mod
docs/models/components/procurementtarget.md
models/apierrors/apierror.go
docs/models/operations/deleteprocurementresponse.md
optionalnullable/optionalnullable.go
models/operations/deletedeployment.go
models/components/completeuploadrequest.go
docs/models/operations/listcapacitiesrequest.md
models/components/instanceskupropertydefinition.go
docs/models/operations/getuserhandlerrequest.md
docs/models/components/batchpatchinstancesresponse.md
docs/models/operations/getprocurementresponse.md
docs/models/operations/listimagesrequest.md
models/components/uploadpartrequest.go
optionalnullable/optionalnullable_test.go
docs/models/components/patchprocurementrequest.md
retry/config.go
types/bigint.go
types/date.go
types/datetime.go
docs/sdks/orderbook/README.md
docs/models/components/instanceskuproperty.md
types/pointers.go
internal/utils/contenttype.go
docs/models/components/allocationschedule.md
internal/utils/env.go
models/components/v2orderpreviewfee.go
docs/models/components/v2orderpreviewfee.md
internal/utils/form.go
internal/utils/headers.go
docs/models/components/instancesshinfo.md
models/components/workspaceresponse.go
docs/models/components/instancelogsresponse.md
docs/models/components/pricelevel.md
internal/utils/json.go
workspaces.go
internal/utils/pathparams.go
docs/sdks/images/README.md
docs/models/operations/deleteinstancetemplaterequest.md
internal/utils/queryparams.go
sdk.go
docs/models/components/patchcapacityrequest.md
docs/models/components/forbiddenerrorerror.md
models/components/side.go
docs/models/components/userresponse.md
internal/utils/requestbody.go
docs/models/components/reconciliationstatus.md
docs/models/components/v2orderpreviewresponsequoted.md
docs/models/components/instanceskuenumerationvalue.md
internal/utils/retries.go
docs/models/operations/deleteprocurementrequest.md
internal/utils/security.go
docs/models/operations/completeimageuploadresponse.md
models/operations/updateinstance.go
internal/utils/union.go
docs/models/operations/createorderrequest.md
models/operations/createprocurement.go
docs/models/operations/deleteinstancetemplateresponse.md
.gitattributes
docs/models/operations/deletedeploymentresponse.md
instanceskucatalog.go
internal/utils/union_test.go
models/operations/createinstancetemplate.go
docs/models/apierrors/unprocessableentityerror.md
internal/utils/utils.go
docs/models/operations/completeimageuploadrequest.md
docs/models/operations/listinstancetemplatesrequest.md
docs/models/operations/deletecapacityrequest.md
models/components/instanceresponse.go
docs/models/components/capacityresponse.md
models/components/listorderbookfillsresponse.go
models/operations/listorderbookwindows.go
users.go
docs/models/operations/listinstanceskupropertycatalogresponse.md
models/components/unauthorizederror.go
models/components/v2listordersresponse.go
docs/models/operations/listinstancetemplatesresponse.md
models/components/instanceskuproperty.go
capacities.go
docs/models/operations/getorderbookdepthrequest.md
docs/models/operations/getinstancelogssortby.md
docs/models/operations/getprocurementrequest.md
docs/models/operations/createcapacitytransferrequest.md
models/components/createprocurementrequest.go
docs/models/operations/getinstanceskurequest.md
docs/models/components/instancesshhostkey.md
models/components/instancesku.go
instances.go
docs/models/components/v2orderpreviewresponseunavailable.md
docs/models/components/listdeploymentsresponse.md
models/operations/fetchcapacitytransfer.go
docs/models/components/badrequesterrorerror.md
docs/models/components/listinstancesresponse.md
docs/models/operations/patchprocurementrequest.md
models/operations/getprocurement.go
docs/models/components/uploadpartrequest.md
docs/models/apierrors/conflicterror.md
docs/models/components/capacitysummary.md
docs/models/components/createprocurementrequest.md
docs/models/operations/cancelorderrequest.md
docs/models/operations/deletedeploymentrequest.md
docs/models/operations/listusershandlerresponse.md
docs/models/components/createdeploymentrequest.md
docs/models/components/instanceskupropertykey.md
docs/models/operations/listorderbookfillsrequest.md
docs/models/operations/cancelorderresponse.md
docs/models/components/unprocessableentityerrorerror.md
models/components/v2orderresponse.go
docs/models/operations/fetchinstancerequest.md
docs/sdks/users/README.md
docs/models/components/createinstancerequest.md
docs/models/operations/fetchcapacityresponse.md
models/components/createworkspacerequest.go
models/components/forbiddenerror.go
models/apierrors/internalservererror.go
models/components/createinstancetemplaterequest.go
docs/sdks/deployments/README.md
docs/models/operations/fetchimageresponse.md
docs/models/operations/createimageuploadparturlrequest.md
docs/models/operations/listinstanceskusrequest.md
docs/models/components/orderbookdepthresponse.md
models/operations/fetchinstancetemplate.go
models/components/permissioncheckresponse.go
docs/models/operations/deleteinstancerequest.md
docs/models/operations/cancelorderrequest.md
docs/models/components/listdeploymentsresponse.md
docs/models/components/uploadpartresponse.md
docs/models/components/orderbookfill.md
docs/models/operations/getinstancelogsrequest.md
models/components/orderbookquoteresponse.go
models/apierrors/unauthorizederror.go
models/operations/fetchcapacity.go
models/operations/listimages.go
models/components/paymentrequirederror.go
docs/models/components/capacitytransferstatus.md
models/components/instancetemplatesummary.go
docs/models/operations/deletecapacityrequest.md
docs/models/components/batchpatchinstanceentry.md
docs/models/operations/getorderbookquoteresponse.md
docs/models/operations/listcapacitytransfersrequest.md
models/components/permissioncheckresponse.go
models/operations/createcapacitytransfer.go
models/operations/getorderbookdepth.go
docs/models/operations/terminateinstanceresponse.md
docs/models/operations/completeimageuploadrequest.md
models/operations/listdeployments.go
docs/models/operations/createcapacitytransferresponse.md
docs/models/operations/fetchimagerequest.md
models/components/v2orderpreviewunavailablereason.go
docs/models/components/listworkspacesresponse.md
models/apierrors/unprocessableentityerror.go
docs/models/operations/listinstanceskupropertycatalogrequest.md
docs/models/components/listinstancesresponse.md
docs/models/components/scheduleentry.md
docs/models/components/v2orderpreviewfee.md
docs/models/components/deleteimageresponse.md
docs/models/components/imagedownloadresponse.md
models/components/listdeploymentsresponse.go
models/components/instanceskuenumerationvalue.go
go.mod
.gitattributes
internal/config/sdkconfiguration.go
models/apierrors/apierror.go
models/operations/createinstancetemplate.go
docs/models/components/orderbookwindow.md
docs/models/components/serviceunavailableerrorerror.md
optionalnullable/optionalnullable.go
models/components/imageuploadresponse.go
docs/models/operations/listorderssortby.md
models/operations/fetchinstancetemplate.go
docs/models/components/v2orderpreviewresponse.md
models/components/listinstanceskusresponse.go
docs/models/operations/getdeploymentrequest.md
docs/models/operations/deleteimagerequest.md
docs/models/operations/terminateinstancerequest.md
models/operations/getuserhandler.go
docs/models/operations/listorderbookfillsrequest.md
docs/models/operations/listinstanceskusrequest.md
models/operations/reinstateimage.go
docs/models/components/v2createcapacitytransferrequest.md
models/apierrors/serviceunavailableerror.go
docs/models/operations/updateinstancerequest.md
docs/models/components/instancetemplatesummary.md
docs/models/apierrors/internalservererror.md
models/components/createdeploymentrequest.go
docs/models/operations/getorderbookdepthrequest.md
optionalnullable/optionalnullable_test.go
models/components/imagedownloadresponse.go
docs/models/operations/createinstancetemplateresponse.md
docs/models/operations/fetchorderresponse.md
retry/config.go
docs/models/operations/createdeploymentresponse.md
types/bigint.go
docs/models/operations/getprocurementrequest.md
types/date.go
models/components/v2createcapacitytransferrequest.go
types/datetime.go
docs/models/operations/listworkspaceshandlerresponse.md
types/pointers.go
users.go
models/components/batchpatchinstancesrequest.go
internal/utils/contenttype.go
models/operations/listcapacities.go
models/operations/terminateinstance.go
docs/models/operations/getworkspacehandlerrequest.md
internal/utils/env.go
docs/models/operations/listinstanceskupropertycatalogresponse.md
models/components/instanceskusummary.go
internal/utils/form.go
docs/models/components/procurementsummary.md
models/apierrors/notfounderror.go
docs/models/components/instancelogsresponse.md
internal/utils/headers.go
docs/models/operations/revokeimageresponse.md
models/components/v2orderpreviewnotice.go
docs/models/operations/listinstancesrequest.md
permissions.go
models/operations/listprocurements.go
docs/models/components/capacitysummary.md
internal/utils/json.go
models/operations/createorder.go
docs/models/components/v2listcapacitytransfersresponse.md
docs/models/operations/patchdeploymentrequest.md
instanceskus.go
docs/models/components/errordetail.md
models/components/patchprocurementrequest.go
models/components/procurementtarget.go
docs/models/operations/option.md
internal/utils/pathparams.go
docs/models/components/listorderbookwindowsresponse.md
docs/models/operations/createcapacitytransferrequest.md
docs/models/apierrors/badrequesterror.md
docs/models/components/permissioncheckresponse.md
docs/models/components/v2orderpreviewrequestsell.md
docs/models/operations/listprocurementsresponse.md
docs/models/operations/checkpermissionhandlerresponse.md
internal/utils/queryparams.go
docs/models/components/listinstancetemplatesresponse.md
models/operations/getprocurement.go
models/components/imageuploadstatus.go
docs/models/components/startuploadrequest.md
models/operations/listinstanceskus.go
docs/models/operations/listusershandlerrequest.md
models/operations/fetchimage.go
internal/utils/requestbody.go
docs/models/components/listavailabilityresponse.md
docs/models/components/v2orderpreviewresponseunavailable.md
models/operations/deleteinstancetemplate.go
models/components/availabilitygroup.go
docs/models/operations/listorderbookwindowsrequest.md
internal/utils/retries.go
models/operations/batchpatchinstances.go
docs/models/components/unauthorizederrorerror.md
docs/models/operations/listcapacitiesrequest.md
docs/models/operations/revokeimagerequest.md
internal/utils/security.go
models/components/orderbookwindow.go
internal/utils/union.go
models/components/capacityresponse.go
models/operations/deleteprocurement.go
docs/models/operations/createprocurementresponse.md
models/components/side.go
docs/models/operations/createworkspacehandlerresponse.md
models/components/v2orderpreviewrequest.go
models/components/reconciliationstatus.go
docs/models/components/httpmetadata.md
internal/utils/union_test.go
models/components/deleteimageresponse.go
models/components/listinstancetemplatesresponse.go
models/components/instancesshinfo.go
models/components/batchpatchinstancesresponse.go
internal/utils/utils.go
docs/models/apierrors/conflicterror.md
docs/models/operations/listimagesresponse.md
models/operations/getdeployment.go
docs/models/components/v2orderpreviewnotice.md
models/components/createworkspacerequest.go
docs/models/components/unprocessableentityerrorerror.md
models/components/instancesshhostkey.go
docs/models/components/instancetemplateresponse.md
models/components/createprocurementrequest.go
models/components/v2orderfill.go
docs/models/components/procurementresponse.md
models/components/v2ordersortby.go
models/components/v2orderpreviewfee.go
docs/models/apierrors/notfounderror.md
models/components/instanceskupropertykey.go
models/components/automationstatus.go
models/components/orderbookdepthresponse.go
docs/models/operations/getorderbookquoterequest.md
docs/models/operations/listavailabilityresponse.md
models/operations/completeimageupload.go
USAGE.md
docs/models/apierrors/unprocessableentityerror.md
docs/models/components/v2orderpreviewrequest.md
models/operations/getinstancessh.go
docs/models/operations/listinstancetemplatesrequest.md
docs/models/operations/updatecapacityrequest.md
docs/models/components/v2orderpreviewnoticemaintenancewindow.md
docs/models/components/security.md
models/operations/fetchcapacitytransfer.go
models/operations/getworkspacehandler.go
docs/models/components/capacitykind.md
docs/models/operations/deleteworkspacehandlerrequest.md
docs/models/components/v2maintenancenoticetype.md
models/components/v2orderpreviewresponse.go
docs/models/components/createprocurementrequest.md
models/operations/patchdeployment.go
docs/models/components/createdeploymentrequest.md
docs/models/components/v2listordersresponse.md
models/components/imagesummary.go
models/operations/listworkspaceshandler.go
models/components/patchcapacityrequest.go
docs/models/components/userresponse.md
models/operations/listinstancetemplates.go
models/components/procurementresponse.go
docs/models/operations/listdeploymentsresponse.md
models/components/listinstancesresponse.go
docs/models/operations/listprocurementsrequest.md
docs/models/components/listinstanceskusresponse.md
docs/models/components/batchpatchinstancesrequest.md
docs/models/operations/listavailabilityrequest.md
deployments.go
models/components/uploadpartrequest.go
models/operations/patchprocurement.go
docs/models/components/internalservererrorerror.md
docs/models/operations/getworkspacehandlerresponse.md
models/operations/deleteimage.go
models/operations/revokeimage.go
docs/models/components/listusersresponse.md
docs/models/operations/updateinstanceresponse.md
docs/models/components/instanceskuproperty.md
models/components/allocationschedule.go
docs/models/operations/deleteinstancetemplaterequest.md
models/components/listimagesresponse.go
models/operations/createprocurement.go
docs/models/components/instanceskupropertyenumeration.md
docs/models/components/conflicterrorerror.md
docs/models/operations/patchprocurementresponse.md
models/components/listavailabilityresponse.go
docs/models/components/v2orderpreviewresponsequoted.md
docs/models/operations/getprocurementresponse.md
docs/models/components/instanceskupropertydefinition.md
docs/models/operations/deleteinstanceresponse.md
docs/models/components/instanceskusummary.md
docs/models/operations/getinstancesshresponse.md
models/operations/deleteworkspacehandler.go
models/components/instanceskuproperty.go
docs/models/components/imagesummary.md
models/components/listworkspacesresponse.go
sdk.go
models/apierrors/paymentrequirederror.go
docs/models/operations/deleteprocurementresponse.md
models/components/patchinstancerequest.go
docs/models/operations/getinstancesshrequest.md
docs/models/components/v2orderresponse.md
instancetemplates.go
models/components/v2listordersresponse.go
docs/models/operations/getuserhandlerresponse.md
docs/models/operations/fetchcapacityresponse.md
docs/models/operations/deleteinstancetemplateresponse.md
models/components/capacitysummary.go
docs/models/components/createinstancetemplaterequest.md
docs/models/components/listcapacitiesresponse.md
docs/models/components/instancesshinfo.md
models/components/listinstanceskupropertycatalogresponse.go
docs/models/operations/updatecapacityresponse.md
docs/models/operations/fetchinstancerequest.md
docs/models/components/instanceskupropertykey.md
workspaces.go
docs/models/operations/reinstateimagerequest.md
models/components/instancestatus.go
docs/models/apierrors/serviceunavailableerror.md
docs/models/operations/listusershandlerresponse.md
docs/models/operations/createorderrequest.md
models/operations/listinstances.go
docs/models/apierrors/paymentrequirederror.md
models/components/forbiddenerror.go
docs/models/operations/deletedeploymentrequest.md
docs/sdks/orderbook/README.md
models/components/conflicterror.go
models/components/deploymentsummary.go
docs/models/operations/getorderbookdepthresponse.md
models/components/httpmetadata.go
docs/models/components/completeuploadrequest.md
instances.go
models/apierrors/conflicterror.go
instanceskucatalog.go
models/operations/deletecapacity.go
docs/models/components/notfounderrorerror.md
docs/models/components/createcapacityrequest.md
docs/models/operations/createcapacityresponse.md
models/components/scheduleentry.go
models/components/capacitykind.go
docs/models/components/capacityresponse.md
models/components/uploadpartresponse.go
docs/models/components/instanceskupropertydefinitionenumeration.md
models/components/errordetail.go
models/components/userresponse.go
docs/models/operations/deletecapacityresponse.md
images.go
docs/models/operations/listordersresponse.md
models/operations/listorders.go
docs/models/components/instancesku.md
models/components/checkpermissionrequest.go
models/components/internalservererror.go
docs/models/operations/getinstancelogssortby.md
models/components/createinstancetemplaterequest.go
docs/sdks/instancetemplates/README.md
docs/models/components/patchinstancerequest.md
docs/models/apierrors/unauthorizederror.md
models/operations/createimage.go
models/operations/createcapacity.go
docs/models/components/v2createorderrequest.md
docs/models/operations/listcapacitytransfersresponse.md
models/components/unprocessableentityerror.go
models/operations/patchworkspacehandler.go
docs/models/operations/createimageresponse.md
docs/models/components/workspaceresponse.md
docs/models/operations/createorderresponse.md
docs/models/components/checkpermissionrequest.md
models/operations/checkpermissionhandler.go
docs/models/components/forbiddenerrorerror.md
docs/models/components/patchdeploymentrequest.md
docs/sdks/orders/README.md
models/components/completeuploadrequest.go
models/components/instanceskupropertydefinition.go
docs/models/components/reconciliationstatus.md
models/components/capacitytransferstatus.go
orders.go
models/operations/updatecapacity.go
models/operations/getinstancelogs.go
docs/models/components/v2ordersortby.md
docs/models/operations/fetchcapacitytransferresponse.md
models/operations/createdeployment.go
models/components/pricelevel.go
docs/sdks/instanceskucatalog/README.md
models/operations/cancelorder.go
models/operations/listusershandler.go
docs/models/operations/getuserhandlerrequest.md
docs/models/operations/deleteworkspacehandlerresponse.md
docs/models/components/deploymentresponse.md
models/components/workspaceresponse.go
models/components/createcapacityrequest.go
docs/models/operations/getinstanceskuresponse.md
docs/models/operations/listinstancesresponse.md
models/components/startuploadrequest.go
models/components/orderbookfill.go
docs/models/components/procurementtarget.md
docs/sdks/deployments/README.md
docs/models/components/v2capacitytransferresponse.md
models/components/instancesku.go
models/components/v2orderresponse.go
models/components/deploymentresponse.go
orderbook.go
capacities.go
docs/sdks/images/README.md
models/operations/listorderbookwindows.go
docs/models/operations/batchpatchinstancesresponse.md
docs/models/components/listinstanceskupropertycatalogresponse.md
models/components/listusersresponse.go
docs/models/operations/createinstanceresponse.md
docs/models/operations/listdeploymentsrequest.md
models/components/listorderbookwindowsresponse.go
docs/models/components/patchcapacityrequest.md
docs/models/components/deploymentsummary.md
docs/sdks/users/README.md
models/components/instancelogchunk.go
models/components/procurementsummary.go
docs/models/operations/listordersrequest.md
docs/models/components/side.md
docs/models/operations/fetchorderrequest.md
docs/models/operations/listinstancetemplatesresponse.md
docs/models/components/allocationschedule.md
docs/models/components/pricelevel.md
docs/models/operations/fetchcapacitytransferrequest.md
docs/models/operations/patchdeploymentresponse.md
docs/models/components/imageuploadstatus.md
models/components/listprocurementsresponse.go
models/operations/options.go
models/operations/deleteinstance.go
docs/models/operations/createimageuploadparturlrequest.md
docs/models/components/listorderbookfillsresponse.md
models/components/instanceresponse.go
models/components/serviceunavailableerror.go
models/operations/downloadimage.go
docs/models/operations/deleteprocurementrequest.md
docs/models/operations/fetchinstancetemplateresponse.md
models/components/patchworkspacerequest.go
models/operations/createinstance.go
models/operations/createworkspacehandler.go
docs/models/operations/fetchinstanceresponse.md
docs/models/operations/patchworkspacehandlerrequest.md
docs/models/components/orderbookdepthresponse.md
models/components/v2capacitytransferresponse.go
docs/models/operations/cancelorderresponse.md
docs/models/operations/patchprocurementrequest.md
docs/sdks/procurements/README.md
docs/models/components/uploadpartrequest.md
models/components/batchpatchinstanceentry.go
models/components/listorderbookfillsresponse.go
models/components/instancelogsresponse.go
docs/models/operations/getinstanceskurequest.md
models/components/badrequesterror.go
models/operations/listinstanceskupropertycatalog.go
docs/sdks/instances/README.md
models/operations/fetchorder.go
models/operations/listcapacitytransfers.go
docs/models/apierrors/forbiddenerror.md
docs/sdks/capacities/README.md
docs/models/operations/reinstateimageresponse.md
docs/models/operations/completeimageuploadresponse.md
models/components/orderstatus.go
models/operations/getorderbookquote.go
docs/models/operations/listinstanceskusresponse.md
docs/models/components/instanceresponse.md
docs/models/components/availabilitygroup.md
docs/models/operations/fetchcapacityrequest.md
models/components/patchdeploymentrequest.go
docs/models/components/instancelogchunk.md
docs/models/components/badrequesterrorerror.md
docs/models/operations/listworkspaceshandlerrequest.md
models/components/createinstancerequest.go
models/operations/getorderpreview.go
models/operations/listavailability.go
models/components/imagelistentry.go
docs/models/operations/deleteimageresponse.md
models/apierrors/internalservererror.go
docs/models/components/instancesshhostkey.md
models/apierrors/badrequesterror.go
models/operations/deletedeployment.go
docs/models/components/createworkspacerequest.md
docs/models/components/instanceskuenumerationvalue.md
docs/models/components/v2orderpreviewunavailablereason.md
docs/models/components/batchpatchinstancesresponse.md
docs/models/components/imagelistentry.md
docs/models/components/createinstancerequest.md
models/components/security.go
models/components/listcapacitiesresponse.go
docs/models/components/paymentrequirederrorerror.md
docs/models/components/orderstatus.md
docs/models/operations/fetchimageresponse.md
docs/models/operations/listimagesrequest.md
docs/models/operations/deletedeploymentresponse.md
models/components/instancetemplateresponse.go
docs/models/components/listprocurementsresponse.md
models/apierrors/forbiddenerror.go
docs/models/operations/fetchinstancetemplaterequest.md
docs/models/components/v2orderpreviewrequestbuy.md
docs/models/operations/getdeploymentresponse.md
internal/hooks/hooks.go
docs/models/components/orderbookquoteresponse.md
docs/models/operations/downloadimageresponse.md
docs/models/operations/getinstancelogsresponse.md
docs/models/operations/getorderpreviewresponse.md
docs/models/components/instancestatus.md
models/components/notfounderror.go
models/components/v2maintenancenoticetype.go
docs/models/operations/listorderbookfillsresponse.md
docs/models/components/v2orderfill.md
docs/models/components/patchworkspacerequest.md
docs/models/components/automationstatus.md
models/components/v2listcapacitytransfersresponse.go
models/components/v2createorderrequest.go
models/operations/fetchinstance.go
docs/models/operations/listcapacitiesresponse.md
docs/models/operations/downloadimagerequest.md
models/components/unauthorizederror.go
docs/models/components/patchprocurementrequest.md
docs/sdks/permissions/README.md
models/operations/getinstancesku.go
models/operations/updateinstance.go
procurements.go
docs/models/operations/listorderbookwindowsresponse.md
docs/models/operations/createimageuploadparturlresponse.md
docs/sdks/workspaces/README.md
models/operations/listorderbookfills.go
docs/models/operations/patchworkspacehandlerresponse.md
docs/models/components/imageuploadresponse.md
docs/models/components/listimagesresponse.md
models/operations/createimageuploadparturl.go
docs/sdks/instanceskus/README.md
