speakeasyVersion: 1.786.0
sources:
    sfc-api:
        sourceNamespace: sfc-api
        sourceRevisionDigest: sha256:959a768039139216ce7d5b72256d5a297e4a0b7ba471aeaf6c3816b73ffd6c28
        sourceBlobDigest: sha256:d4a33c86719f08f0ed5ca946401d42d630fd6aa254164c7b33210701c943a813
        tags:
            - latest
            - 0.1.0
targets:
    sfc-go:
        source: sfc-api
        sourceNamespace: sfc-api
        sourceRevisionDigest: sha256:959a768039139216ce7d5b72256d5a297e4a0b7ba471aeaf6c3816b73ffd6c28
        sourceBlobDigest: sha256:d4a33c86719f08f0ed5ca946401d42d630fd6aa254164c7b33210701c943a813
        codeSamplesNamespace: sfc-api-go-code-samples
        codeSamplesRevisionDigest: sha256:727dcacca5fe133edc3ad96af3c803a9f377189e0b7d268d2a97019e8f30bd03
workflow:
    workflowVersion: 1.0.0
    speakeasyVersion: latest
    sources:
        sfc-api:
            inputs:
                - location: /Users/seb/sfcompute/blueprint/current/openapi.json
            overlays:
                - location: .speakeasy/overlay.yaml
            registry:
                location: registry.speakeasyapi.dev/the-san-francisco-compute-company/v2/sfc-api
    targets:
        sfc-go:
            target: go
            source: sfc-api
            codeSamples:
                registry:
                    location: registry.speakeasyapi.dev/the-san-francisco-compute-company/v2/sfc-api-go-code-samples
                labelOverride:
                    fixedValue: Go (SDK)
                blocking: false
