speakeasyVersion: 1.761.11
sources:
    sfc-api:
        sourceNamespace: sfc-api
        sourceRevisionDigest: sha256:75751ee98d62dee4c2c522301c449e66303cfeae67214a0eca698a8b4bcd6f8c
        sourceBlobDigest: sha256:2593c7eb235a2de5839f995948eec802470faa092e8ac1f7d95416ec517d94da
        tags:
            - latest
            - 0.1.0
targets:
    sfc-go:
        source: sfc-api
        sourceNamespace: sfc-api
        sourceRevisionDigest: sha256:75751ee98d62dee4c2c522301c449e66303cfeae67214a0eca698a8b4bcd6f8c
        sourceBlobDigest: sha256:2593c7eb235a2de5839f995948eec802470faa092e8ac1f7d95416ec517d94da
        codeSamplesNamespace: sfc-api-go-code-samples
        codeSamplesRevisionDigest: sha256:a3f1861ce82b8353fbe8b1dc61bf1f7080b6d378c3e2f2e1817f4edd0c199f5d
workflow:
    workflowVersion: 1.0.0
    speakeasyVersion: latest
    sources:
        sfc-api:
            inputs:
                - location: /Users/andreaanez/Documents/sf_compute/sfcompute/blueprint/current/openapi.json
            overlays:
                - location: .speakeasy/overlay.yaml
            registry:
                location: registry.speakeasyapi.dev/the-san-francisco-compute-company/v2/sfc-api
    targets:
        sfc-go:
            target: go
            source: sfc-api
            codeSamples:
                registry:
                    location: registry.speakeasyapi.dev/the-san-francisco-compute-company/v2/sfc-api-go-code-samples
                labelOverride:
                    fixedValue: Go (SDK)
                blocking: false
